// !$*UTF8*$!
{
    archiveVersion = 1;
    classes = {
    };
    objectVersion = 77;
    objects = {

/* Begin PBXBuildFile section */
        BB0000000000000000000012 /* SiteRecordCore in Frameworks */ = {isa = PBXBuildFile; productRef = BB0000000000000000000011 /* SiteRecordCore */; };
/* End PBXBuildFile section */

/* Begin PBXFileReference section */
        BB0000000000000000000003 /* SiteRecord.app */ = {isa = PBXFileReference; explicitFileType = wrapper.application; includeInIndex = 0; path = SiteRecord.app; sourceTree = BUILT_PRODUCTS_DIR; };
        BB0000000000000000000031 /* SiteRecordTests.xctest */ = {isa = PBXFileReference; explicitFileType = wrapper.cfbundle; includeInIndex = 0; path = SiteRecordTests.xctest; sourceTree = BUILT_PRODUCTS_DIR; };
/* End PBXFileReference section */

/* Begin PBXFileSystemSynchronizedRootGroup section */
        BB0000000000000000000006 /* SiteRecord */ = {isa = PBXFileSystemSynchronizedRootGroup; path = SiteRecord; sourceTree = "<group>"; };
        BB0000000000000000000032 /* SiteRecordTests */ = {isa = PBXFileSystemSynchronizedRootGroup; path = SiteRecordTests; sourceTree = "<group>"; };
/* End PBXFileSystemSynchronizedRootGroup section */

/* Begin PBXFrameworksBuildPhase section */
        BB0000000000000000000008 /* Frameworks */ = {
            isa = PBXFrameworksBuildPhase;
            buildActionMask = 2147483647;
            files = (
                BB0000000000000000000012 /* SiteRecordCore in Frameworks */,
            );
            runOnlyForDeploymentPostprocessing = 0;
        };
        BB0000000000000000000034 /* Frameworks */ = {
            isa = PBXFrameworksBuildPhase;
            buildActionMask = 2147483647;
            files = (
            );
            runOnlyForDeploymentPostprocessing = 0;
        };
/* End PBXFrameworksBuildPhase section */

/* Begin PBXGroup section */
        BB0000000000000000000004 = {
            isa = PBXGroup;
            children = (
                BB0000000000000000000006 /* SiteRecord */,
                BB0000000000000000000032 /* SiteRecordTests */,
                BB0000000000000000000005 /* Products */,
            );
            sourceTree = "<group>";
        };
        BB0000000000000000000005 /* Products */ = {
            isa = PBXGroup;
            children = (
                BB0000000000000000000003 /* SiteRecord.app */,
                BB0000000000000000000031 /* SiteRecordTests.xctest */,
            );
            name = Products;
            sourceTree = "<group>";
        };
/* End PBXGroup section */

/* Begin PBXNativeTarget section */
        BB0000000000000000000002 /* SiteRecord */ = {
            isa = PBXNativeTarget;
            buildConfigurationList = BB000000000000000000000B /* Build configuration list for PBXNativeTarget "SiteRecord" */;
            buildPhases = (
                BB0000000000000000000007 /* Sources */,
                BB0000000000000000000008 /* Frameworks */,
                BB0000000000000000000009 /* Resources */,
            );
            buildRules = (
            );
            dependencies = (
            );
            fileSystemSynchronizedGroups = (
                BB0000000000000000000006 /* SiteRecord */,
            );
            name = SiteRecord;
            packageProductDependencies = (
                BB0000000000000000000011 /* SiteRecordCore */,
            );
            productName = SiteRecord;
            productReference = BB0000000000000000000003 /* SiteRecord.app */;
            productType = "com.apple.product-type.application";
        };
        BB0000000000000000000030 /* SiteRecordTests */ = {
            isa = PBXNativeTarget;
            buildConfigurationList = BB0000000000000000000036 /* Build configuration list for PBXNativeTarget "SiteRecordTests" */;
            buildPhases = (
                BB0000000000000000000033 /* Sources */,
                BB0000000000000000000034 /* Frameworks */,
                BB0000000000000000000035 /* Resources */,
            );
            buildRules = (
            );
            dependencies = (
                BB000000000000000000003A /* PBXTargetDependency */,
            );
            fileSystemSynchronizedGroups = (
                BB0000000000000000000032 /* SiteRecordTests */,
            );
            name = SiteRecordTests;
            productName = SiteRecordTests;
            productReference = BB0000000000000000000031 /* SiteRecordTests.xctest */;
            productType = "com.apple.product-type.bundle.unit-test";
        };
/* End PBXNativeTarget section */

/* Begin PBXContainerItemProxy section */
        BB000000000000000000003B /* PBXContainerItemProxy */ = {
            isa = PBXContainerItemProxy;
            containerPortal = BB0000000000000000000001 /* Project object */;
            proxyType = 1;
            remoteGlobalIDString = BB0000000000000000000002;
            remoteInfo = SiteRecord;
        };
/* End PBXContainerItemProxy section */

/* Begin PBXTargetDependency section */
        BB000000000000000000003A /* PBXTargetDependency */ = {
            isa = PBXTargetDependency;
            target = BB0000000000000000000002 /* SiteRecord */;
            targetProxy = BB000000000000000000003B /* PBXContainerItemProxy */;
        };
/* End PBXTargetDependency section */

/* Begin PBXProject section */
        BB0000000000000000000001 /* Project object */ = {
            isa = PBXProject;
            attributes = {
                BuildIndependentTargetsInParallel = 1;
                LastSwiftUpdateCheck = 1600;
                LastUpgradeCheck = 1600;
                TargetAttributes = {
                    BB0000000000000000000002 = {
                        CreatedOnToolsVersion = 16.0;
                    };
                };
            };
            buildConfigurationList = BB000000000000000000000A /* Build configuration list for PBXProject "SiteRecord" */;
            developmentRegion = en;
            hasScannedForEncodings = 0;
            knownRegions = (
                en,
                Base,
                ja,
            );
            mainGroup = BB0000000000000000000004;
            minimizedProjectReferenceProxies = 1;
            packageReferences = (
                BB0000000000000000000010 /* XCLocalSwiftPackageReference "../../Packages/SiteRecordCore" */,
            );
            preferredProjectObjectVersion = 77;
            productRefGroup = BB0000000000000000000005 /* Products */;
            projectDirPath = "";
            projectRoot = "";
            targets = (
                BB0000000000000000000002 /* SiteRecord */,
                BB0000000000000000000030 /* SiteRecordTests */,
            );
        };
/* End PBXProject section */

/* Begin PBXResourcesBuildPhase section */
        BB0000000000000000000009 /* Resources */ = {
            isa = PBXResourcesBuildPhase;
            buildActionMask = 2147483647;
            files = (
            );
            runOnlyForDeploymentPostprocessing = 0;
        };
        BB0000000000000000000035 /* Resources */ = {
            isa = PBXResourcesBuildPhase;
            buildActionMask = 2147483647;
            files = (
            );
            runOnlyForDeploymentPostprocessing = 0;
        };
/* End PBXResourcesBuildPhase section */

/* Begin PBXSourcesBuildPhase section */
        BB0000000000000000000007 /* Sources */ = {
            isa = PBXSourcesBuildPhase;
            buildActionMask = 2147483647;
            files = (
            );
            runOnlyForDeploymentPostprocessing = 0;
        };
        BB0000000000000000000033 /* Sources */ = {
            isa = PBXSourcesBuildPhase;
            buildActionMask = 2147483647;
            files = (
            );
            runOnlyForDeploymentPostprocessing = 0;
        };
/* End PBXSourcesBuildPhase section */

/* Begin XCBuildConfiguration section */
        BB000000000000000000000C /* Debug */ = {
            isa = XCBuildConfiguration;
            buildSettings = {
                ALWAYS_SEARCH_USER_PATHS = NO;
                ASSETCATALOG_COMPILER_GENERATE_SWIFT_ASSET_SYMBOL_EXTENSIONS = YES;
                CLANG_ANALYZER_NONNULL = YES;
                CLANG_ANALYZER_NUMBER_OBJECT_CONVERSION = YES_AGGRESSIVE;
                CLANG_ENABLE_MODULES = YES;
                CLANG_ENABLE_OBJC_ARC = YES;
                CLANG_ENABLE_OBJC_WEAK = YES;
                CLANG_WARN_BOOL_CONVERSION = YES;
                CLANG_WARN_DIRECT_OBJC_ISA_USAGE = YES_ERROR;
                CLANG_WARN_DOCUMENTATION_COMMENTS = YES;
                CLANG_WARN_EMPTY_BODY = YES;
                CLANG_WARN_ENUM_CONVERSION = YES;
                CLANG_WARN_INFINITE_RECURSION = YES;
                CLANG_WARN_INT_CONVERSION = YES;
                CLANG_WARN_OBJC_ROOT_CLASS = YES_ERROR;
                CLANG_WARN_QUOTED_INCLUDE_IN_FRAMEWORK_HEADER = YES;
                CLANG_WARN_UNREACHABLE_CODE = YES;
                COPY_PHASE_STRIP = NO;
                DEBUG_INFORMATION_FORMAT = dwarf;
                ENABLE_STRICT_OBJC_MSGSEND = YES;
                ENABLE_TESTABILITY = YES;
                ENABLE_USER_SCRIPT_SANDBOXING = YES;
                GCC_C_LANGUAGE_STANDARD = gnu17;
                GCC_DYNAMIC_NO_PIC = NO;
                GCC_NO_COMMON_BLOCKS = YES;
                GCC_OPTIMIZATION_LEVEL = 0;
                GCC_PREPROCESSOR_DEFINITIONS = (
                    "DEBUG=1",
                    "$(inherited)",
                );
                GCC_WARN_UNDECLARED_SELECTOR = YES;
                GCC_WARN_UNINITIALIZED_AUTOS = YES_AGGRESSIVE;
                GCC_WARN_UNUSED_FUNCTION = YES;
                GCC_WARN_UNUSED_VARIABLE = YES;
                IPHONEOS_DEPLOYMENT_TARGET = 17.0;
                MTL_ENABLE_DEBUG_INFO = INCLUDE_SOURCE;
                MTL_FAST_MATH = YES;
                ONLY_ACTIVE_ARCH = YES;
                SDKROOT = iphoneos;
                SWIFT_ACTIVE_COMPILATION_CONDITIONS = "DEBUG $(inherited)";
                SWIFT_OPTIMIZATION_LEVEL = "-Onone";
            };
            name = Debug;
        };
        BB000000000000000000000D /* Release */ = {
            isa = XCBuildConfiguration;
            buildSettings = {
                ALWAYS_SEARCH_USER_PATHS = NO;
                ASSETCATALOG_COMPILER_GENERATE_SWIFT_ASSET_SYMBOL_EXTENSIONS = YES;
                CLANG_ANALYZER_NONNULL = YES;
                CLANG_ANALYZER_NUMBER_OBJECT_CONVERSION = YES_AGGRESSIVE;
                CLANG_ENABLE_MODULES = YES;
                CLANG_ENABLE_OBJC_ARC = YES;
                CLANG_ENABLE_OBJC_WEAK = YES;
                CLANG_WARN_BOOL_CONVERSION = YES;
                CLANG_WARN_DIRECT_OBJC_ISA_USAGE = YES_ERROR;
                CLANG_WARN_DOCUMENTATION_COMMENTS = YES;
                CLANG_WARN_EMPTY_BODY = YES;
                CLANG_WARN_ENUM_CONVERSION = YES;
                CLANG_WARN_INFINITE_RECURSION = YES;
                CLANG_WARN_INT_CONVERSION = YES;
                CLANG_WARN_OBJC_ROOT_CLASS = YES_ERROR;
                CLANG_WARN_QUOTED_INCLUDE_IN_FRAMEWORK_HEADER = YES;
                CLANG_WARN_UNREACHABLE_CODE = YES;
                COPY_PHASE_STRIP = NO;
                DEBUG_INFORMATION_FORMAT = "dwarf-with-dsym";
                ENABLE_NS_ASSERTIONS = NO;
                ENABLE_STRICT_OBJC_MSGSEND = YES;
                ENABLE_USER_SCRIPT_SANDBOXING = YES;
                GCC_C_LANGUAGE_STANDARD = gnu17;
                GCC_NO_COMMON_BLOCKS = YES;
                GCC_WARN_UNDECLARED_SELECTOR = YES;
                GCC_WARN_UNINITIALIZED_AUTOS = YES_AGGRESSIVE;
                GCC_WARN_UNUSED_FUNCTION = YES;
                GCC_WARN_UNUSED_VARIABLE = YES;
                IPHONEOS_DEPLOYMENT_TARGET = 17.0;
                MTL_ENABLE_DEBUG_INFO = NO;
                MTL_FAST_MATH = YES;
                SDKROOT = iphoneos;
                SWIFT_COMPILATION_MODE = wholemodule;
                VALIDATE_PRODUCT = YES;
            };
            name = Release;
        };
        BB000000000000000000000E /* Debug */ = {
            isa = XCBuildConfiguration;
            buildSettings = {
                ASSETCATALOG_COMPILER_APPICON_NAME = AppIcon;
                ASSETCATALOG_COMPILER_GLOBAL_ACCENT_COLOR_NAME = AccentColor;
                CODE_SIGN_STYLE = Automatic;
                DEVELOPMENT_TEAM = 36M3V6K6BR;
                CURRENT_PROJECT_VERSION = 1;
                ENABLE_PREVIEWS = YES;
                GENERATE_INFOPLIST_FILE = YES;
                INFOPLIST_FILE = Info.plist;
                INFOPLIST_KEY_CFBundleDisplayName = "施工記録カメラ";
                INFOPLIST_KEY_NSCameraUsageDescription = "工事記録の写真を撮影するためにカメラを使います。";
                INFOPLIST_KEY_NSLocationWhenInUseUsageDescription = "記録写真に撮影場所を記録するために現在地を使います。";
                INFOPLIST_KEY_NSPhotoLibraryAddUsageDescription = "撮影した記録写真を写真アプリに保存します。";
                INFOPLIST_KEY_UIApplicationSceneManifest_Generation = YES;
                INFOPLIST_KEY_UIApplicationSupportsIndirectInputEvents = YES;
                INFOPLIST_KEY_UILaunchScreen_Generation = YES;
                INFOPLIST_KEY_UISupportedInterfaceOrientations_iPad = "UIInterfaceOrientationPortrait UIInterfaceOrientationPortraitUpsideDown";
                INFOPLIST_KEY_UISupportedInterfaceOrientations_iPhone = "UIInterfaceOrientationPortrait";
                LD_RUNPATH_SEARCH_PATHS = (
                    "$(inherited)",
                    "@executable_path/Frameworks",
                );
                MARKETING_VERSION = 1.0;
                PRODUCT_BUNDLE_IDENTIFIER = com.example.siterecord;
                PRODUCT_NAME = "$(TARGET_NAME)";
                SWIFT_EMIT_LOC_STRINGS = YES;
                SWIFT_VERSION = 5.0;
                TARGETED_DEVICE_FAMILY = "1,2";
            };
            name = Debug;
        };
        BB000000000000000000000F /* Release */ = {
            isa = XCBuildConfiguration;
            buildSettings = {
                ASSETCATALOG_COMPILER_APPICON_NAME = AppIcon;
                ASSETCATALOG_COMPILER_GLOBAL_ACCENT_COLOR_NAME = AccentColor;
                CODE_SIGN_STYLE = Automatic;
                DEVELOPMENT_TEAM = 36M3V6K6BR;
                CURRENT_PROJECT_VERSION = 1;
                ENABLE_PREVIEWS = YES;
                GENERATE_INFOPLIST_FILE = YES;
                INFOPLIST_FILE = Info.plist;
                INFOPLIST_KEY_CFBundleDisplayName = "施工記録カメラ";
                INFOPLIST_KEY_NSCameraUsageDescription = "工事記録の写真を撮影するためにカメラを使います。";
                INFOPLIST_KEY_NSLocationWhenInUseUsageDescription = "記録写真に撮影場所を記録するために現在地を使います。";
                INFOPLIST_KEY_NSPhotoLibraryAddUsageDescription = "撮影した記録写真を写真アプリに保存します。";
                INFOPLIST_KEY_UIApplicationSceneManifest_Generation = YES;
                INFOPLIST_KEY_UIApplicationSupportsIndirectInputEvents = YES;
                INFOPLIST_KEY_UILaunchScreen_Generation = YES;
                INFOPLIST_KEY_UISupportedInterfaceOrientations_iPad = "UIInterfaceOrientationPortrait UIInterfaceOrientationPortraitUpsideDown";
                INFOPLIST_KEY_UISupportedInterfaceOrientations_iPhone = "UIInterfaceOrientationPortrait";
                LD_RUNPATH_SEARCH_PATHS = (
                    "$(inherited)",
                    "@executable_path/Frameworks",
                );
                MARKETING_VERSION = 1.0;
                PRODUCT_BUNDLE_IDENTIFIER = com.example.siterecord;
                PRODUCT_NAME = "$(TARGET_NAME)";
                SWIFT_EMIT_LOC_STRINGS = YES;
                SWIFT_VERSION = 5.0;
                TARGETED_DEVICE_FAMILY = "1,2";
            };
            name = Release;
        };
        BB0000000000000000000037 /* Debug */ = {
            isa = XCBuildConfiguration;
            buildSettings = {
                BUNDLE_LOADER = "$(TEST_HOST)";
                CODE_SIGN_STYLE = Automatic;
                DEVELOPMENT_TEAM = 36M3V6K6BR;
                CURRENT_PROJECT_VERSION = 1;
                GENERATE_INFOPLIST_FILE = YES;
                IPHONEOS_DEPLOYMENT_TARGET = 17.0;
                MARKETING_VERSION = 1.0;
                PRODUCT_BUNDLE_IDENTIFIER = com.example.siterecord.tests;
                PRODUCT_NAME = "$(TARGET_NAME)";
                SWIFT_VERSION = 5.0;
                TARGETED_DEVICE_FAMILY = "1,2";
                TEST_HOST = "$(BUILT_PRODUCTS_DIR)/SiteRecord.app/$(BUNDLE_EXECUTABLE_FOLDER_PATH)/SiteRecord";
            };
            name = Debug;
        };
        BB0000000000000000000038 /* Release */ = {
            isa = XCBuildConfiguration;
            buildSettings = {
                BUNDLE_LOADER = "$(TEST_HOST)";
                CODE_SIGN_STYLE = Automatic;
                DEVELOPMENT_TEAM = 36M3V6K6BR;
                CURRENT_PROJECT_VERSION = 1;
                GENERATE_INFOPLIST_FILE = YES;
                IPHONEOS_DEPLOYMENT_TARGET = 17.0;
                MARKETING_VERSION = 1.0;
                PRODUCT_BUNDLE_IDENTIFIER = com.example.siterecord.tests;
                PRODUCT_NAME = "$(TARGET_NAME)";
                SWIFT_VERSION = 5.0;
                TARGETED_DEVICE_FAMILY = "1,2";
                TEST_HOST = "$(BUILT_PRODUCTS_DIR)/SiteRecord.app/$(BUNDLE_EXECUTABLE_FOLDER_PATH)/SiteRecord";
            };
            name = Release;
        };
/* End XCBuildConfiguration section */

/* Begin XCConfigurationList section */
        BB000000000000000000000A /* Build configuration list for PBXProject "SiteRecord" */ = {
            isa = XCConfigurationList;
            buildConfigurations = (
                BB000000000000000000000C /* Debug */,
                BB000000000000000000000D /* Release */,
            );
            defaultConfigurationIsVisible = 0;
            defaultConfigurationName = Release;
        };
        BB000000000000000000000B /* Build configuration list for PBXNativeTarget "SiteRecord" */ = {
            isa = XCConfigurationList;
            buildConfigurations = (
                BB000000000000000000000E /* Debug */,
                BB000000000000000000000F /* Release */,
            );
            defaultConfigurationIsVisible = 0;
            defaultConfigurationName = Release;
        };
        BB0000000000000000000036 /* Build configuration list for PBXNativeTarget "SiteRecordTests" */ = {
            isa = XCConfigurationList;
            buildConfigurations = (
                BB0000000000000000000037 /* Debug */,
                BB0000000000000000000038 /* Release */,
            );
            defaultConfigurationIsVisible = 0;
            defaultConfigurationName = Release;
        };
/* End XCConfigurationList section */

/* Begin XCLocalSwiftPackageReference section */
        BB0000000000000000000010 /* XCLocalSwiftPackageReference "../../Packages/SiteRecordCore" */ = {
            isa = XCLocalSwiftPackageReference;
            relativePath = ../../Packages/SiteRecordCore;
        };
/* End XCLocalSwiftPackageReference section */

/* Begin XCSwiftPackageProductDependency section */
        BB0000000000000000000011 /* SiteRecordCore */ = {
            isa = XCSwiftPackageProductDependency;
            productName = SiteRecordCore;
        };
/* End XCSwiftPackageProductDependency section */
    };
    rootObject = BB0000000000000000000001 /* Project object */;
}
